// !$*UTF8*$!
{
	archiveVersion = 1;
	classes = {
	};
	objectVersion = 50;
	objects = {

/* Begin PBXBuildFile section */
		FAD261EE264EF9CC00CD9437 /* SearchViewController.swift in Sources */ = {isa = PBXBuildFile; fileRef = FAD261ED264EF9CC00CD9437 /* SearchViewController.swift */; };
		FAD261F2264EFC3B00CD9437 /* SearchTableViewCell.swift in Sources */ = {isa = PBXBuildFile; fileRef = FAD261F0264EFC3B00CD9437 /* SearchTableViewCell.swift */; };
		FAD261F3264EFC3B00CD9437 /* SearchTableViewCell.xib in Resources */ = {isa = PBXBuildFile; fileRef = FAD261F1264EFC3B00CD9437 /* SearchTableViewCell.xib */; };
		FAD68194264EE5B90027A314 /* AppDelegate.swift in Sources */ = {isa = PBXBuildFile; fileRef = FAD68193264EE5B90027A314 /* AppDelegate.swift */; };
		FAD68196264EE5B90027A314 /* SceneDelegate.swift in Sources */ = {isa = PBXBuildFile; fileRef = FAD68195264EE5B90027A314 /* SceneDelegate.swift */; };
		FAD68198264EE5B90027A314 /* ViewController.swift in Sources */ = {isa = PBXBuildFile; fileRef = FAD68197264EE5B90027A314 /* ViewController.swift */; };
		FAD6819B264EE5B90027A314 /* Main.storyboard in Resources */ = {isa = PBXBuildFile; fileRef = FAD68199264EE5B90027A314 /* Main.storyboard */; };
		FAD6819D264EE5BA0027A314 /* Assets.xcassets in Resources */ = {isa = PBXBuildFile; fileRef = FAD6819C264EE5BA0027A314 /* Assets.xcassets */; };
		FAD681A0264EE5BA0027A314 /* LaunchScreen.storyboard in Resources */ = {isa = PBXBuildFile; fileRef = FAD6819E264EE5BA0027A314 /* LaunchScreen.storyboard */; };
		FAD681AB264EE5F50027A314 /* c1.pdf in Resources */ = {isa = PBXBuildFile; fileRef = FAD681AA264EE5F40027A314 /* c1.pdf */; };
/* End PBXBuildFile section */

/* Begin PBXFileReference section */
		FAD261ED264EF9CC00CD9437 /* SearchViewController.swift */ = {isa = PBXFileReference; lastKnownFileType = sourcecode.swift; path = SearchViewController.swift; sourceTree = "<group>"; };
		FAD261F0264EFC3B00CD9437 /* SearchTableViewCell.swift */ = {isa = PBXFileReference; lastKnownFileType = sourcecode.swift; path = SearchTableViewCell.swift; sourceTree = "<group>"; };
		FAD261F1264EFC3B00CD9437 /* SearchTableViewCell.xib */ = {isa = PBXFileReference; lastKnownFileType = file.xib; path = SearchTableViewCell.xib; sourceTree = "<group>"; };
		FAD68190264EE5B90027A314 /* SearchPdf.app */ = {isa = PBXFileReference; explicitFileType = wrapper.application; includeInIndex = 0; path = SearchPdf.app; sourceTree = BUILT_PRODUCTS_DIR; };
		FAD68193264EE5B90027A314 /* AppDelegate.swift */ = {isa = PBXFileReference; lastKnownFileType = sourcecode.swift; path = AppDelegate.swift; sourceTree = "<group>"; };
		FAD68195264EE5B90027A314 /* SceneDelegate.swift */ = {isa = PBXFileReference; lastKnownFileType = sourcecode.swift; path = SceneDelegate.swift; sourceTree = "<group>"; };
		FAD68197264EE5B90027A314 /* ViewController.swift */ = {isa = PBXFileReference; lastKnownFileType = sourcecode.swift; path = ViewController.swift; sourceTree = "<group>"; };
		FAD6819A264EE5B90027A314 /* Base */ = {isa = PBXFileReference; lastKnownFileType = file.storyboard; name = Base; path = Base.lproj/Main.storyboard; sourceTree = "<group>"; };
		FAD6819C264EE5BA0027A314 /* Assets.xcassets */ = {isa = PBXFileReference; lastKnownFileType = folder.assetcatalog; path = Assets.xcassets; sourceTree = "<group>"; };
		FAD6819F264EE5BA0027A314 /* Base */ = {isa = PBXFileReference; lastKnownFileType = file.storyboard; name = Base; path = Base.lproj/LaunchScreen.storyboard; sourceTree = "<group>"; };
		FAD681A1264EE5BA0027A314 /* Info.plist */ = {isa = PBXFileReference; lastKnownFileType = text.plist.xml; path = Info.plist; sourceTree = "<group>"; };
		FAD681AA264EE5F40027A314 /* c1.pdf */ = {isa = PBXFileReference; lastKnownFileType = image.pdf; path = c1.pdf; sourceTree = "<group>"; };
/* End PBXFileReference section */

/* Begin PBXFrameworksBuildPhase section */
		FAD6818D264EE5B90027A314 /* Frameworks */ = {
			isa = PBXFrameworksBuildPhase;
			buildActionMask = 2147483647;
			files = (
			);
			runOnlyForDeploymentPostprocessing = 0;
		};
/* End PBXFrameworksBuildPhase section */

/* Begin PBXGroup section */
		FAD68187264EE5B90027A314 = {
			isa = PBXGroup;
			children = (
				FAD68192264EE5B90027A314 /* SearchPdf */,
				FAD68191264EE5B90027A314 /* Products */,
			);
			sourceTree = "<group>";
		};
		FAD68191264EE5B90027A314 /* Products */ = {
			isa = PBXGroup;
			children = (
				FAD68190264EE5B90027A314 /* SearchPdf.app */,
			);
			name = Products;
			sourceTree = "<group>";
		};
		FAD68192264EE5B90027A314 /* SearchPdf */ = {
			isa = PBXGroup;
			children = (
				FAD68193264EE5B90027A314 /* AppDelegate.swift */,
				FAD681AA264EE5F40027A314 /* c1.pdf */,
				FAD68195264EE5B90027A314 /* SceneDelegate.swift */,
				FAD68197264EE5B90027A314 /* ViewController.swift */,
				FAD68199264EE5B90027A314 /* Main.storyboard */,
				FAD261ED264EF9CC00CD9437 /* SearchViewController.swift */,
				FAD261F0264EFC3B00CD9437 /* SearchTableViewCell.swift */,
				FAD261F1264EFC3B00CD9437 /* SearchTableViewCell.xib */,
				FAD6819C264EE5BA0027A314 /* Assets.xcassets */,
				FAD6819E264EE5BA0027A314 /* LaunchScreen.storyboard */,
				FAD681A1264EE5BA0027A314 /* Info.plist */,
			);
			path = SearchPdf;
			sourceTree = "<group>";
		};
/* End PBXGroup section */

/* Begin PBXNativeTarget section */
		FAD6818F264EE5B90027A314 /* SearchPdf */ = {
			isa = PBXNativeTarget;
			buildConfigurationList = FAD681A4264EE5BA0027A314 /* Build configuration list for PBXNativeTarget "SearchPdf" */;
			buildPhases = (
				FAD6818C264EE5B90027A314 /* Sources */,
				FAD6818D264EE5B90027A314 /* Frameworks */,
				FAD6818E264EE5B90027A314 /* Resources */,
			);
			buildRules = (
			);
			dependencies = (
			);
			name = SearchPdf;
			productName = SearchPdf;
			productReference = FAD68190264EE5B90027A314 /* SearchPdf.app */;
			productType = "com.apple.product-type.application";
		};
/* End PBXNativeTarget section */

/* Begin PBXProject section */
		FAD68188264EE5B90027A314 /* Project object */ = {
			isa = PBXProject;
			attributes = {
				LastSwiftUpdateCheck = 1240;
				LastUpgradeCheck = 1240;
				TargetAttributes = {
					FAD6818F264EE5B90027A314 = {
						CreatedOnToolsVersion = 12.4;
					};
				};
			};
			buildConfigurationList = FAD6818B264EE5B90027A314 /* Build configuration list for PBXProject "SearchPdf" */;
			compatibilityVersion = "Xcode 9.3";
			developmentRegion = en;
			hasScannedForEncodings = 0;
			knownRegions = (
				en,
				Base,
			);
			mainGroup = FAD68187264EE5B90027A314;
			productRefGroup = FAD68191264EE5B90027A314 /* Products */;
			projectDirPath = "";
			projectRoot = "";
			targets = (
				FAD6818F264EE5B90027A314 /* SearchPdf */,
			);
		};
/* End PBXProject section */

/* Begin PBXResourcesBuildPhase section */
		FAD6818E264EE5B90027A314 /* Resources */ = {
			isa = PBXResourcesBuildPhase;
			buildActionMask = 2147483647;
			files = (
				FAD681A0264EE5BA0027A314 /* LaunchScreen.storyboard in Resources */,
				FAD6819D264EE5BA0027A314 /* Assets.xcassets in Resources */,
				FAD681AB264EE5F50027A314 /* c1.pdf in Resources */,
				FAD6819B264EE5B90027A314 /* Main.storyboard in Resources */,
				FAD261F3264EFC3B00CD9437 /* SearchTableViewCell.xib in Resources */,
			);
			runOnlyForDeploymentPostprocessing = 0;
		};
/* End PBXResourcesBuildPhase section */

/* Begin PBXSourcesBuildPhase section */
		FAD6818C264EE5B90027A314 /* Sources */ = {
			isa = PBXSourcesBuildPhase;
			buildActionMask = 2147483647;
			files = (
				FAD68198264EE5B90027A314 /* ViewController.swift in Sources */,
				FAD68194264EE5B90027A314 /* AppDelegate.swift in Sources */,
				FAD261EE264EF9CC00CD9437 /* SearchViewController.swift in Sources */,
				FAD68196264EE5B90027A314 /* SceneDelegate.swift in Sources */,
				FAD261F2264EFC3B00CD9437 /* SearchTableViewCell.swift in Sources */,
			);
			runOnlyForDeploymentPostprocessing = 0;
		};
/* End PBXSourcesBuildPhase section */

/* Begin PBXVariantGroup section */
		FAD68199264EE5B90027A314 /* Main.storyboard */ = {
			isa = PBXVariantGroup;
			children = (
				FAD6819A264EE5B90027A314 /* Base */,
			);
			name = Main.storyboard;
			sourceTree = "<group>";
		};
		FAD6819E264EE5BA0027A314 /* LaunchScreen.storyboard */ = {
			isa = PBXVariantGroup;
			children = (
				FAD6819F264EE5BA0027A314 /* Base */,
			);
			name = LaunchScreen.storyboard;
			sourceTree = "<group>";
		};
/* End PBXVariantGroup section */

/* Begin XCBuildConfiguration section */
		FAD681A2264EE5BA0027A314 /* Debug */ = {
			isa = XCBuildConfiguration;
			buildSettings = {
				ALWAYS_SEARCH_USER_PATHS = NO;
				CLANG_ANALYZER_NONNULL = YES;
				CLANG_ANALYZER_NUMBER_OBJECT_CONVERSION = YES_AGGRESSIVE;
				CLANG_CXX_LANGUAGE_STANDARD = "gnu++14";
				CLANG_CXX_LIBRARY = "libc++";
				CLANG_ENABLE_MODULES = YES;
				CLANG_ENABLE_OBJC_ARC = YES;
				CLANG_ENABLE_OBJC_WEAK = YES;
				CLANG_WARN_BLOCK_CAPTURE_AUTORELEASING = YES;
				CLANG_WARN_BOOL_CONVERSION = YES;
				CLANG_WARN_COMMA = YES;
				CLANG_WARN_CONSTANT_CONVERSION = YES;
				CLANG_WARN_DEPRECATED_OBJC_IMPLEMENTATIONS = YES;
				CLANG_WARN_DIRECT_OBJC_ISA_USAGE = YES_ERROR;
				CLANG_WARN_DOCUMENTATION_COMMENTS = YES;
				CLANG_WARN_EMPTY_BODY = YES;
				CLANG_WARN_ENUM_CONVERSION = YES;
				CLANG_WARN_INFINITE_RECURSION = YES;
				CLANG_WARN_INT_CONVERSION = YES;
				CLANG_WARN_NON_LITERAL_NULL_CONVERSION = YES;
				CLANG_WARN_OBJC_IMPLICIT_RETAIN_SELF = YES;
				CLANG_WARN_OBJC_LITERAL_CONVERSION = YES;
				CLANG_WARN_OBJC_ROOT_CLASS = YES_ERROR;
				CLANG_WARN_QUOTED_INCLUDE_IN_FRAMEWORK_HEADER = YES;
				CLANG_WARN_RANGE_LOOP_ANALYSIS = YES;
				CLANG_WARN_STRICT_PROTOTYPES = YES;
				CLANG_WARN_SUSPICIOUS_MOVE = YES;
				CLANG_WARN_UNGUARDED_AVAILABILITY = YES_AGGRESSIVE;
				CLANG_WARN_UNREACHABLE_CODE = YES;
				CLANG_WARN__DUPLICATE_METHOD_MATCH = YES;
				COPY_PHASE_STRIP = NO;
				DEBUG_INFORMATION_FORMAT = dwarf;
				ENABLE_STRICT_OBJC_MSGSEND = YES;
				ENABLE_TESTABILITY = YES;
				GCC_C_LANGUAGE_STANDARD = gnu11;
				GCC_DYNAMIC_NO_PIC = NO;
				GCC_NO_COMMON_BLOCKS = YES;
				GCC_OPTIMIZATION_LEVEL = 0;
				GCC_PREPROCESSOR_DEFINITIONS = (
					"DEBUG=1",
					"$(inherited)",
				);
				GCC_WARN_64_TO_32_BIT_CONVERSION = YES;
				GCC_WARN_ABOUT_RETURN_TYPE = YES_ERROR;
				GCC_WARN_UNDECLARED_SELECTOR = YES;
				GCC_WARN_UNINITIALIZED_AUTOS = YES_AGGRESSIVE;
				GCC_WARN_UNUSED_FUNCTION = YES;
				GCC_WARN_UNUSED_VARIABLE = YES;
				IPHONEOS_DEPLOYMENT_TARGET = 13.0;
				MTL_ENABLE_DEBUG_INFO = INCLUDE_SOURCE;
				MTL_FAST_MATH = YES;
				ONLY_ACTIVE_ARCH = YES;
				SDKROOT = iphoneos;
				SWIFT_ACTIVE_COMPILATION_CONDITIONS = DEBUG;
				SWIFT_OPTIMIZATION_LEVEL = "-Onone";
			};
			name = Debug;
		};
		FAD681A3264EE5BA0027A314 /* Release */ = {
			isa = XCBuildConfiguration;
			buildSettings = {
				ALWAYS_SEARCH_USER_PATHS = NO;
				CLANG_ANALYZER_NONNULL = YES;
				CLANG_ANALYZER_NUMBER_OBJECT_CONVERSION = YES_AGGRESSIVE;
				CLANG_CXX_LANGUAGE_STANDARD = "gnu++14";
				CLANG_CXX_LIBRARY = "libc++";
				CLANG_ENABLE_MODULES = YES;
				CLANG_ENABLE_OBJC_ARC = YES;
				CLANG_ENABLE_OBJC_WEAK = YES;
				CLANG_WARN_BLOCK_CAPTURE_AUTORELEASING = YES;
				CLANG_WARN_BOOL_CONVERSION = YES;
				CLANG_WARN_COMMA = YES;
				CLANG_WARN_CONSTANT_CONVERSION = YES;
				CLANG_WARN_DEPRECATED_OBJC_IMPLEMENTATIONS = YES;
				CLANG_WARN_DIRECT_OBJC_ISA_USAGE = YES_ERROR;
				CLANG_WARN_DOCUMENTATION_COMMENTS = YES;
				CLANG_WARN_EMPTY_BODY = YES;
				CLANG_WARN_ENUM_CONVERSION = YES;
				CLANG_WARN_INFINITE_RECURSION = YES;
				CLANG_WARN_INT_CONVERSION = YES;
				CLANG_WARN_NON_LITERAL_NULL_CONVERSION = YES;
				CLANG_WARN_OBJC_IMPLICIT_RETAIN_SELF = YES;
				CLANG_WARN_OBJC_LITERAL_CONVERSION = YES;
				CLANG_WARN_OBJC_ROOT_CLASS = YES_ERROR;
				CLANG_WARN_QUOTED_INCLUDE_IN_FRAMEWORK_HEADER = YES;
				CLANG_WARN_RANGE_LOOP_ANALYSIS = YES;
				CLANG_WARN_STRICT_PROTOTYPES = YES;
				CLANG_WARN_SUSPICIOUS_MOVE = YES;
				CLANG_WARN_UNGUARDED_AVAILABILITY = YES_AGGRESSIVE;
				CLANG_WARN_UNREACHABLE_CODE = YES;
				CLANG_WARN__DUPLICATE_METHOD_MATCH = YES;
				COPY_PHASE_STRIP = NO;
				DEBUG_INFORMATION_FORMAT = "dwarf-with-dsym";
				ENABLE_NS_ASSERTIONS = NO;
				ENABLE_STRICT_OBJC_MSGSEND = YES;
				GCC_C_LANGUAGE_STANDARD = gnu11;
				GCC_NO_COMMON_BLOCKS = YES;
				GCC_WARN_64_TO_32_BIT_CONVERSION = YES;
				GCC_WARN_ABOUT_RETURN_TYPE = YES_ERROR;
				GCC_WARN_UNDECLARED_SELECTOR = YES;
				GCC_WARN_UNINITIALIZED_AUTOS = YES_AGGRESSIVE;
				GCC_WARN_UNUSED_FUNCTION = YES;
				GCC_WARN_UNUSED_VARIABLE = YES;
				IPHONEOS_DEPLOYMENT_TARGET = 13.0;
				MTL_ENABLE_DEBUG_INFO = NO;
				MTL_FAST_MATH = YES;
				SDKROOT = iphoneos;
				SWIFT_COMPILATION_MODE = wholemodule;
				SWIFT_OPTIMIZATION_LEVEL = "-O";
				VALIDATE_PRODUCT = YES;
			};
			name = Release;
		};
		FAD681A5264EE5BA0027A314 /* Debug */ = {
			isa = XCBuildConfiguration;
			buildSettings = {
				ASSETCATALOG_COMPILER_APPICON_NAME = AppIcon;
				ASSETCATALOG_COMPILER_GLOBAL_ACCENT_COLOR_NAME = AccentColor;
				CODE_SIGN_STYLE = Automatic;
				DEVELOPMENT_TEAM = VN9XH7F2WV;
				INFOPLIST_FILE = SearchPdf/Info.plist;
				IPHONEOS_DEPLOYMENT_TARGET = 13.0;
				LD_RUNPATH_SEARCH_PATHS = (
					"$(inherited)",
					"@executable_path/Frameworks",
				);
				PRODUCT_BUNDLE_IDENTIFIER = pk.org.nih.SearchPdf;
				PRODUCT_NAME = "$(TARGET_NAME)";
				SWIFT_VERSION = 5.0;
				TARGETED_DEVICE_FAMILY = "1,2";
			};
			name = Debug;
		};
		FAD681A6264EE5BA0027A314 /* Release */ = {
			isa = XCBuildConfiguration;
			buildSettings = {
				ASSETCATALOG_COMPILER_APPICON_NAME = AppIcon;
				ASSETCATALOG_COMPILER_GLOBAL_ACCENT_COLOR_NAME = AccentColor;
				CODE_SIGN_STYLE = Automatic;
				DEVELOPMENT_TEAM = VN9XH7F2WV;
				INFOPLIST_FILE = SearchPdf/Info.plist;
				IPHONEOS_DEPLOYMENT_TARGET = 13.0;
				LD_RUNPATH_SEARCH_PATHS = (
					"$(inherited)",
					"@executable_path/Frameworks",
				);
				PRODUCT_BUNDLE_IDENTIFIER = pk.org.nih.SearchPdf;
				PRODUCT_NAME = "$(TARGET_NAME)";
				SWIFT_VERSION = 5.0;
				TARGETED_DEVICE_FAMILY = "1,2";
			};
			name = Release;
		};
/* End XCBuildConfiguration section */

/* Begin XCConfigurationList section */
		FAD6818B264EE5B90027A314 /* Build configuration list for PBXProject "SearchPdf" */ = {
			isa = XCConfigurationList;
			buildConfigurations = (
				FAD681A2264EE5BA0027A314 /* Debug */,
				FAD681A3264EE5BA0027A314 /* Release */,
			);
			defaultConfigurationIsVisible = 0;
			defaultConfigurationName = Release;
		};
		FAD681A4264EE5BA0027A314 /* Build configuration list for PBXNativeTarget "SearchPdf" */ = {
			isa = XCConfigurationList;
			buildConfigurations = (
				FAD681A5264EE5BA0027A314 /* Debug */,
				FAD681A6264EE5BA0027A314 /* Release */,
			);
			defaultConfigurationIsVisible = 0;
			defaultConfigurationName = Release;
		};
/* End XCConfigurationList section */
	};
	rootObject = FAD68188264EE5B90027A314 /* Project object */;
}
